
Microsoft Visual Studio Solution File, Format Version 12.00
# Visual Studio 15
VisualStudioVersion = 15.0.27130.2026
MinimumVisualStudioVersion = 10.0.40219.1
Project("{FAE04EC0-301F-11D3-BF4B-00C04F79EFBC}") = "SqlExercise", "SqlExercise\SqlExercise.csproj", "{39270B4B-49D6-44EA-9ACF-23C57231898C}"
EndProject
Project("{FAE04EC0-301F-11D3-BF4B-00C04F79EFBC}") = "SqlExercise.Base", "SqlExercise.Base\SqlExercise.Base.csproj", "{49D30C50-DDEC-4792-9A3B-307DDBB3941B}"
EndProject
Project("{FAE04EC0-301F-11D3-BF4B-00C04F79EFBC}") = "ConsoleExcel", "ConsoleExcel\ConsoleExcel.csproj", "{589E1339-C9BB-432D-8B41-EA747A5FB379}"
EndProject
Project("{FAE04EC0-301F-11D3-BF4B-00C04F79EFBC}") = "ReadWriteBinaryFile", "ReadWriteBinaryFile\ReadWriteBinaryFile.csproj", "{F295C85B-4D30-4DBF-9B06-6F8278D89973}"
EndProject
Global
	GlobalSection(SolutionConfigurationPlatforms) = preSolution
		Debug|Any CPU = Debug|Any CPU
		Release|Any CPU = Release|Any CPU
	EndGlobalSection
	GlobalSection(ProjectConfigurationPlatforms) = postSolution
		{39270B4B-49D6-44EA-9ACF-23C57231898C}.Debug|Any CPU.ActiveCfg = Debug|Any CPU
		{39270B4B-49D6-44EA-9ACF-23C57231898C}.Debug|Any CPU.Build.0 = Debug|Any CPU
		{39270B4B-49D6-44EA-9ACF-23C57231898C}.Release|Any CPU.ActiveCfg = Release|Any CPU
		{39270B4B-49D6-44EA-9ACF-23C57231898C}.Release|Any CPU.Build.0 = Release|Any CPU
		{49D30C50-DDEC-4792-9A3B-307DDBB3941B}.Debug|Any CPU.ActiveCfg = Debug|Any CPU
		{49D30C50-DDEC-4792-9A3B-307DDBB3941B}.Debug|Any CPU.Build.0 = Debug|Any CPU
		{49D30C50-DDEC-4792-9A3B-307DDBB3941B}.Release|Any CPU.ActiveCfg = Release|Any CPU
		{49D30C50-DDEC-4792-9A3B-307DDBB3941B}.Release|Any CPU.Build.0 = Release|Any CPU
		{589E1339-C9BB-432D-8B41-EA747A5FB379}.Debug|Any CPU.ActiveCfg = Debug|Any CPU
		{589E1339-C9BB-432D-8B41-EA747A5FB379}.Debug|Any CPU.Build.0 = Debug|Any CPU
		{589E1339-C9BB-432D-8B41-EA747A5FB379}.Release|Any CPU.ActiveCfg = Release|Any CPU
		{589E1339-C9BB-432D-8B41-EA747A5FB379}.Release|Any CPU.Build.0 = Release|Any CPU
		{F295C85B-4D30-4DBF-9B06-6F8278D89973}.Debug|Any CPU.ActiveCfg = Debug|Any CPU
		{F295C85B-4D30-4DBF-9B06-6F8278D89973}.Debug|Any CPU.Build.0 = Debug|Any CPU
		{F295C85B-4D30-4DBF-9B06-6F8278D89973}.Release|Any CPU.ActiveCfg = Release|Any CPU
		{F295C85B-4D30-4DBF-9B06-6F8278D89973}.Release|Any CPU.Build.0 = Release|Any CPU
	EndGlobalSection
	GlobalSection(SolutionProperties) = preSolution
		HideSolutionNode = FALSE
	EndGlobalSection
	GlobalSection(ExtensibilityGlobals) = postSolution
		SolutionGuid = {A470C96E-B585-49DA-8EA6-724D9792A7FC}
	EndGlobalSection
EndGlobal
